{
	"name": "minicraft-bots",
	"version": "0.1.0",
	"lockfileVersion": 3,
	"requires": true,
	"packages": {
		"": {
			"name": "minicraft-bots",
			"version": "0.1.0",
			"dependencies": {
				"minicraft-bot": "file:../packages/minicraft-bot"
			}
		},
		"../packages/minicraft-bot": {
			"version": "0.1.0",
			"engines": {
				"node": ">=22"
			}
		},
		"node_modules/minicraft-bot": {
			"resolved": "../packages/minicraft-bot",
			"link": true
		}
	}
}
